
Microsoft Visual Studio Solution File, Format Version 12.00
# Visual Studio Version 17
VisualStudioVersion = 17.7.34031.279
MinimumVisualStudioVersion = 10.0.40219.1
Project("{9A19103F-16F7-4668-BE54-9A1E7A4F7556}") = "StoreMVC", "StoreMVC\StoreMVC.csproj", "{9AE6FDB4-8159-48B6-85A7-1992BDA7CC57}"
EndProject
Project("{E53339B2-1760-4266-BCC7-CA923CBCF16C}") = "docker-compose", "docker-compose.dcproj", "{433278C7-4B57-4B79-943F-6A40F3B49465}"
EndProject
Global
	GlobalSection(SolutionConfigurationPlatforms) = preSolution
		Debug|Any CPU = Debug|Any CPU
		Release|Any CPU = Release|Any CPU
	EndGlobalSection
	GlobalSection(ProjectConfigurationPlatforms) = postSolution
		{9AE6FDB4-8159-48B6-85A7-1992BDA7CC57}.Debug|Any CPU.ActiveCfg = Debug|Any CPU
		{9AE6FDB4-8159-48B6-85A7-1992BDA7CC57}.Debug|Any CPU.Build.0 = Debug|Any CPU
		{9AE6FDB4-8159-48B6-85A7-1992BDA7CC57}.Release|Any CPU.ActiveCfg = Release|Any CPU
		{9AE6FDB4-8159-48B6-85A7-1992BDA7CC57}.Release|Any CPU.Build.0 = Release|Any CPU
		{433278C7-4B57-4B79-943F-6A40F3B49465}.Debug|Any CPU.ActiveCfg = Debug|Any CPU
		{433278C7-4B57-4B79-943F-6A40F3B49465}.Debug|Any CPU.Build.0 = Debug|Any CPU
		{433278C7-4B57-4B79-943F-6A40F3B49465}.Release|Any CPU.ActiveCfg = Release|Any CPU
		{433278C7-4B57-4B79-943F-6A40F3B49465}.Release|Any CPU.Build.0 = Release|Any CPU
	EndGlobalSection
	GlobalSection(SolutionProperties) = preSolution
		HideSolutionNode = FALSE
	EndGlobalSection
	GlobalSection(ExtensibilityGlobals) = postSolution
		SolutionGuid = {3CBFC831-3CA2-446B-9420-1902B9E738B7}
	EndGlobalSection
EndGlobal
